// !$*UTF8*$!
{
	archiveVersion = 1;
	classes = {
	};
	objectVersion = 50;
	objects = {

/* Begin PBXBuildFile section */
		483ED2A2263ED3F3008024FE /* Calculator_simpleApp.swift in Sources */ = {isa = PBXBuildFile; fileRef = 483ED2A1263ED3F3008024FE /* Calculator_simpleApp.swift */; };
		483ED2A4263ED3F3008024FE /* ContentView.swift in Sources */ = {isa = PBXBuildFile; fileRef = 483ED2A3263ED3F3008024FE /* ContentView.swift */; };
		483ED2A6263ED3F6008024FE /* Assets.xcassets in Resources */ = {isa = PBXBuildFile; fileRef = 483ED2A5263ED3F6008024FE /* Assets.xcassets */; };
		483ED2A9263ED3F6008024FE /* Preview Assets.xcassets in Resources */ = {isa = PBXBuildFile; fileRef = 483ED2A8263ED3F6008024FE /* Preview Assets.xcassets */; };
		483ED2B4263ED3F7008024FE /* Calculator_simpleTests.swift in Sources */ = {isa = PBXBuildFile; fileRef = 483ED2B3263ED3F7008024FE /* Calculator_simpleTests.swift */; };
		483ED2BF263ED3F7008024FE /* Calculator_simpleUITests.swift in Sources */ = {isa = PBXBuildFile; fileRef = 483ED2BE263ED3F7008024FE /* Calculator_simpleUITests.swift */; };
/* End PBXBuildFile section */

/* Begin PBXContainerItemProxy section */
		483ED2B0263ED3F7008024FE /* PBXContainerItemProxy */ = {
			isa = PBXContainerItemProxy;
			containerPortal = 483ED296263ED3F3008024FE /* Project object */;
			proxyType = 1;
			remoteGlobalIDString = 483ED29D263ED3F3008024FE;
			remoteInfo = "Calculator-simple";
		};
		483ED2BB263ED3F7008024FE /* PBXContainerItemProxy */ = {
			isa = PBXContainerItemProxy;
			containerPortal = 483ED296263ED3F3008024FE /* Project object */;
			proxyType = 1;
			remoteGlobalIDString = 483ED29D263ED3F3008024FE;
			remoteInfo = "Calculator-simple";
		};
/* End PBXContainerItemProxy section */

/* Begin PBXFileReference section */
		483ED29E263ED3F3008024FE /* Calculator-simple.app */ = {isa = PBXFileReference; explicitFileType = wrapper.application; includeInIndex = 0; path = "Calculator-simple.app"; sourceTree = BUILT_PRODUCTS_DIR; };
		483ED2A1263ED3F3008024FE /* Calculator_simpleApp.swift */ = {isa = PBXFileReference; lastKnownFileType = sourcecode.swift; path = Calculator_simpleApp.swift; sourceTree = "<group>"; };
		483ED2A3263ED3F3008024FE /* ContentView.swift */ = {isa = PBXFileReference; lastKnownFileType = sourcecode.swift; path = ContentView.swift; sourceTree = "<group>"; };
		483ED2A5263ED3F6008024FE /* Assets.xcassets */ = {isa = PBXFileReference; lastKnownFileType = folder.assetcatalog; path = Assets.xcassets; sourceTree = "<group>"; };
		483ED2A8263ED3F6008024FE /* Preview Assets.xcassets */ = {isa = PBXFileReference; lastKnownFileType = folder.assetcatalog; path = "Preview Assets.xcassets"; sourceTree = "<group>"; };
		483ED2AA263ED3F6008024FE /* Info.plist */ = {isa = PBXFileReference; lastKnownFileType = text.plist.xml; path = Info.plist; sourceTree = "<group>"; };
		483ED2AF263ED3F7008024FE /* Calculator-simpleTests.xctest */ = {isa = PBXFileReference; explicitFileType = wrapper.cfbundle; includeInIndex = 0; path = "Calculator-simpleTests.xctest"; sourceTree = BUILT_PRODUCTS_DIR; };
		483ED2B3263ED3F7008024FE /* Calculator_simpleTests.swift */ = {isa = PBXFileReference; lastKnownFileType = sourcecode.swift; path = Calculator_simpleTests.swift; sourceTree = "<group>"; };
		483ED2B5263ED3F7008024FE /* Info.plist */ = {isa = PBXFileReference; lastKnownFileType = text.plist.xml; path = Info.plist; sourceTree = "<group>"; };
		483ED2BA263ED3F7008024FE /* Calculator-simpleUITests.xctest */ = {isa = PBXFileReference; explicitFileType = wrapper.cfbundle; includeInIndex = 0; path = "Calculator-simpleUITests.xctest"; sourceTree = BUILT_PRODUCTS_DIR; };
		483ED2BE263ED3F7008024FE /* Calculator_simpleUITests.swift */ = {isa = PBXFileReference; lastKnownFileType = sourcecode.swift; path = Calculator_simpleUITests.swift; sourceTree = "<group>"; };
		483ED2C0263ED3F7008024FE /* Info.plist */ = {isa = PBXFileReference; lastKnownFileType = text.plist.xml; path = Info.plist; sourceTree = "<group>"; };
/* End PBXFileReference section */

/* Begin PBXFrameworksBuildPhase section */
		483ED29B263ED3F3008024FE /* Frameworks */ = {
			isa = PBXFrameworksBuildPhase;
			buildActionMask = 2147483647;
			files = (
			);
			runOnlyForDeploymentPostprocessing = 0;
		};
		483ED2AC263ED3F7008024FE /* Frameworks */ = {
			isa = PBXFrameworksBuildPhase;
			buildActionMask = 2147483647;
			files = (
			);
			runOnlyForDeploymentPostprocessing = 0;
		};
		483ED2B7263ED3F7008024FE /* Frameworks */ = {
			isa = PBXFrameworksBuildPhase;
			buildActionMask = 2147483647;
			files = (
			);
			runOnlyForDeploymentPostprocessing = 0;
		};
/* End PBXFrameworksBuildPhase section */

/* Begin PBXGroup section */
		483ED295263ED3F3008024FE = {
			isa = PBXGroup;
			children = (
				483ED2A0263ED3F3008024FE /* Calculator-simple */,
				483ED2B2263ED3F7008024FE /* Calculator-simpleTests */,
				483ED2BD263ED3F7008024FE /* Calculator-simpleUITests */,
				483ED29F263ED3F3008024FE /* Products */,
			);
			sourceTree = "<group>";
		};
		483ED29F263ED3F3008024FE /* Products */ = {
			isa = PBXGroup;
			children = (
				483ED29E263ED3F3008024FE /* Calculator-simple.app */,
				483ED2AF263ED3F7008024FE /* Calculator-simpleTests.xctest */,
				483ED2BA263ED3F7008024FE /* Calculator-simpleUITests.xctest */,
			);
			name = Products;
			sourceTree = "<group>";
		};
		483ED2A0263ED3F3008024FE /* Calculator-simple */ = {
			isa = PBXGroup;
			children = (
				483ED2A1263ED3F3008024FE /* Calculator_simpleApp.swift */,
				483ED2A3263ED3F3008024FE /* ContentView.swift */,
				483ED2A5263ED3F6008024FE /* Assets.xcassets */,
				483ED2AA263ED3F6008024FE /* Info.plist */,
				483ED2A7263ED3F6008024FE /* Preview Content */,
			);
			path = "Calculator-simple";
			sourceTree = "<group>";
		};
		483ED2A7263ED3F6008024FE /* Preview Content */ = {
			isa = PBXGroup;
			children = (
				483ED2A8263ED3F6008024FE /* Preview Assets.xcassets */,
			);
			path = "Preview Content";
			sourceTree = "<group>";
		};
		483ED2B2263ED3F7008024FE /* Calculator-simpleTests */ = {
			isa = PBXGroup;
			children = (
				483ED2B3263ED3F7008024FE /* Calculator_simpleTests.swift */,
				483ED2B5263ED3F7008024FE /* Info.plist */,
			);
			path = "Calculator-simpleTests";
			sourceTree = "<group>";
		};
		483ED2BD263ED3F7008024FE /* Calculator-simpleUITests */ = {
			isa = PBXGroup;
			children = (
				483ED2BE263ED3F7008024FE /* Calculator_simpleUITests.swift */,
				483ED2C0263ED3F7008024FE /* Info.plist */,
			);
			path = "Calculator-simpleUITests";
			sourceTree = "<group>";
		};
/* End PBXGroup section */

/* Begin PBXNativeTarget section */
		483ED29D263ED3F3008024FE /* Calculator-simple */ = {
			isa = PBXNativeTarget;
			buildConfigurationList = 483ED2C3263ED3F7008024FE /* Build configuration list for PBXNativeTarget "Calculator-simple" */;
			buildPhases = (
				483ED29A263ED3F3008024FE /* Sources */,
				483ED29B263ED3F3008024FE /* Frameworks */,
				483ED29C263ED3F3008024FE /* Resources */,
			);
			buildRules = (
			);
			dependencies = (
			);
			name = "Calculator-simple";
			productName = "Calculator-simple";
			productReference = 483ED29E263ED3F3008024FE /* Calculator-simple.app */;
			productType = "com.apple.product-type.application";
		};
		483ED2AE263ED3F7008024FE /* Calculator-simpleTests */ = {
			isa = PBXNativeTarget;
			buildConfigurationList = 483ED2C6263ED3F7008024FE /* Build configuration list for PBXNativeTarget "Calculator-simpleTests" */;
			buildPhases = (
				483ED2AB263ED3F7008024FE /* Sources */,
				483ED2AC263ED3F7008024FE /* Frameworks */,
				483ED2AD263ED3F7008024FE /* Resources */,
			);
			buildRules = (
			);
			dependencies = (
				483ED2B1263ED3F7008024FE /* PBXTargetDependency */,
			);
			name = "Calculator-simpleTests";
			productName = "Calculator-simpleTests";
			productReference = 483ED2AF263ED3F7008024FE /* Calculator-simpleTests.xctest */;
			productType = "com.apple.product-type.bundle.unit-test";
		};
		483ED2B9263ED3F7008024FE /* Calculator-simpleUITests */ = {
			isa = PBXNativeTarget;
			buildConfigurationList = 483ED2C9263ED3F7008024FE /* Build configuration list for PBXNativeTarget "Calculator-simpleUITests" */;
			buildPhases = (
				483ED2B6263ED3F7008024FE /* Sources */,
				483ED2B7263ED3F7008024FE /* Frameworks */,
				483ED2B8263ED3F7008024FE /* Resources */,
			);
			buildRules = (
			);
			dependencies = (
				483ED2BC263ED3F7008024FE /* PBXTargetDependency */,
			);
			name = "Calculator-simpleUITests";
			productName = "Calculator-simpleUITests";
			productReference = 483ED2BA263ED3F7008024FE /* Calculator-simpleUITests.xctest */;
			productType = "com.apple.product-type.bundle.ui-testing";
		};
/* End PBXNativeTarget section */

/* Begin PBXProject section */
		483ED296263ED3F3008024FE /* Project object */ = {
			isa = PBXProject;
			attributes = {
				LastSwiftUpdateCheck = 1250;
				LastUpgradeCheck = 1250;
				TargetAttributes = {
					483ED29D263ED3F3008024FE = {
						CreatedOnToolsVersion = 12.5;
					};
					483ED2AE263ED3F7008024FE = {
						CreatedOnToolsVersion = 12.5;
						TestTargetID = 483ED29D263ED3F3008024FE;
					};
					483ED2B9263ED3F7008024FE = {
						CreatedOnToolsVersion = 12.5;
						TestTargetID = 483ED29D263ED3F3008024FE;
					};
				};
			};
			buildConfigurationList = 483ED299263ED3F3008024FE /* Build configuration list for PBXProject "Calculator-simple" */;
			compatibilityVersion = "Xcode 9.3";
			developmentRegion = en;
			hasScannedForEncodings = 0;
			knownRegions = (
				en,
				Base,
			);
			mainGroup = 483ED295263ED3F3008024FE;
			productRefGroup = 483ED29F263ED3F3008024FE /* Products */;
			projectDirPath = "";
			projectRoot = "";
			targets = (
				483ED29D263ED3F3008024FE /* Calculator-simple */,
				483ED2AE263ED3F7008024FE /* Calculator-simpleTests */,
				483ED2B9263ED3F7008024FE /* Calculator-simpleUITests */,
			);
		};
/* End PBXProject section */

/* Begin PBXResourcesBuildPhase section */
		483ED29C263ED3F3008024FE /* Resources */ = {
			isa = PBXResourcesBuildPhase;
			buildActionMask = 2147483647;
			files = (
				483ED2A9263ED3F6008024FE /* Preview Assets.xcassets in Resources */,
				483ED2A6263ED3F6008024FE /* Assets.xcassets in Resources */,
			);
			runOnlyForDeploymentPostprocessing = 0;
		};
		483ED2AD263ED3F7008024FE /* Resources */ = {
			isa = PBXResourcesBuildPhase;
			buildActionMask = 2147483647;
			files = (
			);
			runOnlyForDeploymentPostprocessing = 0;
		};
		483ED2B8263ED3F7008024FE /* Resources */ = {
			isa = PBXResourcesBuildPhase;
			buildActionMask = 2147483647;
			files = (
			);
			runOnlyForDeploymentPostprocessing = 0;
		};
/* End PBXResourcesBuildPhase section */

/* Begin PBXSourcesBuildPhase section */
		483ED29A263ED3F3008024FE /* Sources */ = {
			isa = PBXSourcesBuildPhase;
			buildActionMask = 2147483647;
			files = (
				483ED2A4263ED3F3008024FE /* ContentView.swift in Sources */,
				483ED2A2263ED3F3008024FE /* Calculator_simpleApp.swift in Sources */,
			);
			runOnlyForDeploymentPostprocessing = 0;
		};
		483ED2AB263ED3F7008024FE /* Sources */ = {
			isa = PBXSourcesBuildPhase;
			buildActionMask = 2147483647;
			files = (
				483ED2B4263ED3F7008024FE /* Calculator_simpleTests.swift in Sources */,
			);
			runOnlyForDeploymentPostprocessing = 0;
		};
		483ED2B6263ED3F7008024FE /* Sources */ = {
			isa = PBXSourcesBuildPhase;
			buildActionMask = 2147483647;
			files = (
				483ED2BF263ED3F7008024FE /* Calculator_simpleUITests.swift in Sources */,
			);
			runOnlyForDeploymentPostprocessing = 0;
		};
/* End PBXSourcesBuildPhase section */

/* Begin PBXTargetDependency section */
		483ED2B1263ED3F7008024FE /* PBXTargetDependency */ = {
			isa = PBXTargetDependency;
			target = 483ED29D263ED3F3008024FE /* Calculator-simple */;
			targetProxy = 483ED2B0263ED3F7008024FE /* PBXContainerItemProxy */;
		};
		483ED2BC263ED3F7008024FE /* PBXTargetDependency */ = {
			isa = PBXTargetDependency;
			target = 483ED29D263ED3F3008024FE /* Calculator-simple */;
			targetProxy = 483ED2BB263ED3F7008024FE /* PBXContainerItemProxy */;
		};
/* End PBXTargetDependency section */

/* Begin XCBuildConfiguration section */
		483ED2C1263ED3F7008024FE /* Debug */ = {
			isa = XCBuildConfiguration;
			buildSettings = {
				ALWAYS_SEARCH_USER_PATHS = NO;
				CLANG_ANALYZER_NONNULL = YES;
				CLANG_ANALYZER_NUMBER_OBJECT_CONVERSION = YES_AGGRESSIVE;
				CLANG_CXX_LANGUAGE_STANDARD = "gnu++14";
				CLANG_CXX_LIBRARY = "libc++";
				CLANG_ENABLE_MODULES = YES;
				CLANG_ENABLE_OBJC_ARC = YES;
				CLANG_ENABLE_OBJC_WEAK = YES;
				CLANG_WARN_BLOCK_CAPTURE_AUTORELEASING = YES;
				CLANG_WARN_BOOL_CONVERSION = YES;
				CLANG_WARN_COMMA = YES;
				CLANG_WARN_CONSTANT_CONVERSION = YES;
				CLANG_WARN_DEPRECATED_OBJC_IMPLEMENTATIONS = YES;
				CLANG_WARN_DIRECT_OBJC_ISA_USAGE = YES_ERROR;
				CLANG_WARN_DOCUMENTATION_COMMENTS = YES;
				CLANG_WARN_EMPTY_BODY = YES;
				CLANG_WARN_ENUM_CONVERSION = YES;
				CLANG_WARN_INFINITE_RECURSION = YES;
				CLANG_WARN_INT_CONVERSION = YES;
				CLANG_WARN_NON_LITERAL_NULL_CONVERSION = YES;
				CLANG_WARN_OBJC_IMPLICIT_RETAIN_SELF = YES;
				CLANG_WARN_OBJC_LITERAL_CONVERSION = YES;
				CLANG_WARN_OBJC_ROOT_CLASS = YES_ERROR;
				CLANG_WARN_QUOTED_INCLUDE_IN_FRAMEWORK_HEADER = YES;
				CLANG_WARN_RANGE_LOOP_ANALYSIS = YES;
				CLANG_WARN_STRICT_PROTOTYPES = YES;
				CLANG_WARN_SUSPICIOUS_MOVE = YES;
				CLANG_WARN_UNGUARDED_AVAILABILITY = YES_AGGRESSIVE;
				CLANG_WARN_UNREACHABLE_CODE = YES;
				CLANG_WARN__DUPLICATE_METHOD_MATCH = YES;
				COPY_PHASE_STRIP = NO;
				DEBUG_INFORMATION_FORMAT = dwarf;
				ENABLE_STRICT_OBJC_MSGSEND = YES;
				ENABLE_TESTABILITY = YES;
				GCC_C_LANGUAGE_STANDARD = gnu11;
				GCC_DYNAMIC_NO_PIC = NO;
				GCC_NO_COMMON_BLOCKS = YES;
				GCC_OPTIMIZATION_LEVEL = 0;
				GCC_PREPROCESSOR_DEFINITIONS = (
					"DEBUG=1",
					"$(inherited)",
				);
				GCC_WARN_64_TO_32_BIT_CONVERSION = YES;
				GCC_WARN_ABOUT_RETURN_TYPE = YES_ERROR;
				GCC_WARN_UNDECLARED_SELECTOR = YES;
				GCC_WARN_UNINITIALIZED_AUTOS = YES_AGGRESSIVE;
				GCC_WARN_UNUSED_FUNCTION = YES;
				GCC_WARN_UNUSED_VARIABLE = YES;
				IPHONEOS_DEPLOYMENT_TARGET = 14.5;
				MTL_ENABLE_DEBUG_INFO = INCLUDE_SOURCE;
				MTL_FAST_MATH = YES;
				ONLY_ACTIVE_ARCH = YES;
				SDKROOT = iphoneos;
				SWIFT_ACTIVE_COMPILATION_CONDITIONS = DEBUG;
				SWIFT_OPTIMIZATION_LEVEL = "-Onone";
			};
			name = Debug;
		};
		483ED2C2263ED3F7008024FE /* Release */ = {
			isa = XCBuildConfiguration;
			buildSettings = {
				ALWAYS_SEARCH_USER_PATHS = NO;
				CLANG_ANALYZER_NONNULL = YES;
				CLANG_ANALYZER_NUMBER_OBJECT_CONVERSION = YES_AGGRESSIVE;
				CLANG_CXX_LANGUAGE_STANDARD = "gnu++14";
				CLANG_CXX_LIBRARY = "libc++";
				CLANG_ENABLE_MODULES = YES;
				CLANG_ENABLE_OBJC_ARC = YES;
				CLANG_ENABLE_OBJC_WEAK = YES;
				CLANG_WARN_BLOCK_CAPTURE_AUTORELEASING = YES;
				CLANG_WARN_BOOL_CONVERSION = YES;
				CLANG_WARN_COMMA = YES;
				CLANG_WARN_CONSTANT_CONVERSION = YES;
				CLANG_WARN_DEPRECATED_OBJC_IMPLEMENTATIONS = YES;
				CLANG_WARN_DIRECT_OBJC_ISA_USAGE = YES_ERROR;
				CLANG_WARN_DOCUMENTATION_COMMENTS = YES;
				CLANG_WARN_EMPTY_BODY = YES;
				CLANG_WARN_ENUM_CONVERSION = YES;
				CLANG_WARN_INFINITE_RECURSION = YES;
				CLANG_WARN_INT_CONVERSION = YES;
				CLANG_WARN_NON_LITERAL_NULL_CONVERSION = YES;
				CLANG_WARN_OBJC_IMPLICIT_RETAIN_SELF = YES;
				CLANG_WARN_OBJC_LITERAL_CONVERSION = YES;
				CLANG_WARN_OBJC_ROOT_CLASS = YES_ERROR;
				CLANG_WARN_QUOTED_INCLUDE_IN_FRAMEWORK_HEADER = YES;
				CLANG_WARN_RANGE_LOOP_ANALYSIS = YES;
				CLANG_WARN_STRICT_PROTOTYPES = YES;
				CLANG_WARN_SUSPICIOUS_MOVE = YES;
				CLANG_WARN_UNGUARDED_AVAILABILITY = YES_AGGRESSIVE;
				CLANG_WARN_UNREACHABLE_CODE = YES;
				CLANG_WARN__DUPLICATE_METHOD_MATCH = YES;
				COPY_PHASE_STRIP = NO;
				DEBUG_INFORMATION_FORMAT = "dwarf-with-dsym";
				ENABLE_NS_ASSERTIONS = NO;
				ENABLE_STRICT_OBJC_MSGSEND = YES;
				GCC_C_LANGUAGE_STANDARD = gnu11;
				GCC_NO_COMMON_BLOCKS = YES;
				GCC_WARN_64_TO_32_BIT_CONVERSION = YES;
				GCC_WARN_ABOUT_RETURN_TYPE = YES_ERROR;
				GCC_WARN_UNDECLARED_SELECTOR = YES;
				GCC_WARN_UNINITIALIZED_AUTOS = YES_AGGRESSIVE;
				GCC_WARN_UNUSED_FUNCTION = YES;
				GCC_WARN_UNUSED_VARIABLE = YES;
				IPHONEOS_DEPLOYMENT_TARGET = 14.5;
				MTL_ENABLE_DEBUG_INFO = NO;
				MTL_FAST_MATH = YES;
				SDKROOT = iphoneos;
				SWIFT_COMPILATION_MODE = wholemodule;
				SWIFT_OPTIMIZATION_LEVEL = "-O";
				VALIDATE_PRODUCT = YES;
			};
			name = Release;
		};
		483ED2C4263ED3F7008024FE /* Debug */ = {
			isa = XCBuildConfiguration;
			buildSettings = {
				ASSETCATALOG_COMPILER_APPICON_NAME = AppIcon;
				ASSETCATALOG_COMPILER_GLOBAL_ACCENT_COLOR_NAME = AccentColor;
				CODE_SIGN_STYLE = Automatic;
				DEVELOPMENT_ASSET_PATHS = "\"Calculator-simple/Preview Content\"";
				ENABLE_PREVIEWS = YES;
				INFOPLIST_FILE = "Calculator-simple/Info.plist";
				IPHONEOS_DEPLOYMENT_TARGET = 14.0;
				LD_RUNPATH_SEARCH_PATHS = (
					"$(inherited)",
					"@executable_path/Frameworks",
				);
				PRODUCT_BUNDLE_IDENTIFIER = "tonicpochta-ya.ru.Calculator-simple";
				PRODUCT_NAME = "$(TARGET_NAME)";
				SWIFT_VERSION = 5.0;
				TARGETED_DEVICE_FAMILY = "1,2";
			};
			name = Debug;
		};
		483ED2C5263ED3F7008024FE /* Release */ = {
			isa = XCBuildConfiguration;
			buildSettings = {
				ASSETCATALOG_COMPILER_APPICON_NAME = AppIcon;
				ASSETCATALOG_COMPILER_GLOBAL_ACCENT_COLOR_NAME = AccentColor;
				CODE_SIGN_STYLE = Automatic;
				DEVELOPMENT_ASSET_PATHS = "\"Calculator-simple/Preview Content\"";
				ENABLE_PREVIEWS = YES;
				INFOPLIST_FILE = "Calculator-simple/Info.plist";
				IPHONEOS_DEPLOYMENT_TARGET = 14.0;
				LD_RUNPATH_SEARCH_PATHS = (
					"$(inherited)",
					"@executable_path/Frameworks",
				);
				PRODUCT_BUNDLE_IDENTIFIER = "tonicpochta-ya.ru.Calculator-simple";
				PRODUCT_NAME = "$(TARGET_NAME)";
				SWIFT_VERSION = 5.0;
				TARGETED_DEVICE_FAMILY = "1,2";
			};
			name = Release;
		};
		483ED2C7263ED3F7008024FE /* Debug */ = {
			isa = XCBuildConfiguration;
			buildSettings = {
				ALWAYS_EMBED_SWIFT_STANDARD_LIBRARIES = YES;
				BUNDLE_LOADER = "$(TEST_HOST)";
				CODE_SIGN_STYLE = Automatic;
				INFOPLIST_FILE = "Calculator-simpleTests/Info.plist";
				IPHONEOS_DEPLOYMENT_TARGET = 14.0;
				LD_RUNPATH_SEARCH_PATHS = (
					"$(inherited)",
					"@executable_path/Frameworks",
					"@loader_path/Frameworks",
				);
				PRODUCT_BUNDLE_IDENTIFIER = "tonicpochta-ya.ru.Calculator-simpleTests";
				PRODUCT_NAME = "$(TARGET_NAME)";
				SWIFT_VERSION = 5.0;
				TARGETED_DEVICE_FAMILY = "1,2";
				TEST_HOST = "$(BUILT_PRODUCTS_DIR)/Calculator-simple.app/Calculator-simple";
			};
			name = Debug;
		};
		483ED2C8263ED3F7008024FE /* Release */ = {
			isa = XCBuildConfiguration;
			buildSettings = {
				ALWAYS_EMBED_SWIFT_STANDARD_LIBRARIES = YES;
				BUNDLE_LOADER = "$(TEST_HOST)";
				CODE_SIGN_STYLE = Automatic;
				INFOPLIST_FILE = "Calculator-simpleTests/Info.plist";
				IPHONEOS_DEPLOYMENT_TARGET = 14.0;
				LD_RUNPATH_SEARCH_PATHS = (
					"$(inherited)",
					"@executable_path/Frameworks",
					"@loader_path/Frameworks",
				);
				PRODUCT_BUNDLE_IDENTIFIER = "tonicpochta-ya.ru.Calculator-simpleTests";
				PRODUCT_NAME = "$(TARGET_NAME)";
				SWIFT_VERSION = 5.0;
				TARGETED_DEVICE_FAMILY = "1,2";
				TEST_HOST = "$(BUILT_PRODUCTS_DIR)/Calculator-simple.app/Calculator-simple";
			};
			name = Release;
		};
		483ED2CA263ED3F7008024FE /* Debug */ = {
			isa = XCBuildConfiguration;
			buildSettings = {
				ALWAYS_EMBED_SWIFT_STANDARD_LIBRARIES = YES;
				CODE_SIGN_STYLE = Automatic;
				INFOPLIST_FILE = "Calculator-simpleUITests/Info.plist";
				LD_RUNPATH_SEARCH_PATHS = (
					"$(inherited)",
					"@executable_path/Frameworks",
					"@loader_path/Frameworks",
				);
				PRODUCT_BUNDLE_IDENTIFIER = "tonicpochta-ya.ru.Calculator-simpleUITests";
				PRODUCT_NAME = "$(TARGET_NAME)";
				SWIFT_VERSION = 5.0;
				TARGETED_DEVICE_FAMILY = "1,2";
				TEST_TARGET_NAME = "Calculator-simple";
			};
			name = Debug;
		};
		483ED2CB263ED3F7008024FE /* Release */ = {
			isa = XCBuildConfiguration;
			buildSettings = {
				ALWAYS_EMBED_SWIFT_STANDARD_LIBRARIES = YES;
				CODE_SIGN_STYLE = Automatic;
				INFOPLIST_FILE = "Calculator-simpleUITests/Info.plist";
				LD_RUNPATH_SEARCH_PATHS = (
					"$(inherited)",
					"@executable_path/Frameworks",
					"@loader_path/Frameworks",
				);
				PRODUCT_BUNDLE_IDENTIFIER = "tonicpochta-ya.ru.Calculator-simpleUITests";
				PRODUCT_NAME = "$(TARGET_NAME)";
				SWIFT_VERSION = 5.0;
				TARGETED_DEVICE_FAMILY = "1,2";
				TEST_TARGET_NAME = "Calculator-simple";
			};
			name = Release;
		};
/* End XCBuildConfiguration section */

/* Begin XCConfigurationList section */
		483ED299263ED3F3008024FE /* Build configuration list for PBXProject "Calculator-simple" */ = {
			isa = XCConfigurationList;
			buildConfigurations = (
				483ED2C1263ED3F7008024FE /* Debug */,
				483ED2C2263ED3F7008024FE /* Release */,
			);
			defaultConfigurationIsVisible = 0;
			defaultConfigurationName = Release;
		};
		483ED2C3263ED3F7008024FE /* Build configuration list for PBXNativeTarget "Calculator-simple" */ = {
			isa = XCConfigurationList;
			buildConfigurations = (
				483ED2C4263ED3F7008024FE /* Debug */,
				483ED2C5263ED3F7008024FE /* Release */,
			);
			defaultConfigurationIsVisible = 0;
			defaultConfigurationName = Release;
		};
		483ED2C6263ED3F7008024FE /* Build configuration list for PBXNativeTarget "Calculator-simpleTests" */ = {
			isa = XCConfigurationList;
			buildConfigurations = (
				483ED2C7263ED3F7008024FE /* Debug */,
				483ED2C8263ED3F7008024FE /* Release */,
			);
			defaultConfigurationIsVisible = 0;
			defaultConfigurationName = Release;
		};
		483ED2C9263ED3F7008024FE /* Build configuration list for PBXNativeTarget "Calculator-simpleUITests" */ = {
			isa = XCConfigurationList;
			buildConfigurations = (
				483ED2CA263ED3F7008024FE /* Debug */,
				483ED2CB263ED3F7008024FE /* Release */,
			);
			defaultConfigurationIsVisible = 0;
			defaultConfigurationName = Release;
		};
/* End XCConfigurationList section */
	};
	rootObject = 483ED296263ED3F3008024FE /* Project object */;
}
